
Microsoft Visual Studio Solution File, Format Version 12.00
# Visual Studio Version 17
VisualStudioVersion = 17.14.36915.13
MinimumVisualStudioVersion = 10.0.40219.1
Project("{FAE04EC0-301F-11D3-BF4B-00C04F79EFBC}") = "Otter.Core", "Otter.Core\Otter.Core.csproj", "{6E3D52AC-6FE5-4025-9470-FD5572608E9D}"
EndProject
Project("{FAE04EC0-301F-11D3-BF4B-00C04F79EFBC}") = "Otter.Tests", "Otter.Tests\Otter.Tests.csproj", "{8208C55A-C5EA-42AA-9D1C-1AFF9FF387B7}"
EndProject
Project("{FAE04EC0-301F-11D3-BF4B-00C04F79EFBC}") = "Otter.Api", "Otter.Api\Otter.Api.csproj", "{A9303E6F-AADD-45BE-8B32-F3CB5847DE83}"
EndProject
Global
	GlobalSection(SolutionConfigurationPlatforms) = preSolution
		Debug|Any CPU = Debug|Any CPU
		Release|Any CPU = Release|Any CPU
	EndGlobalSection
	GlobalSection(ProjectConfigurationPlatforms) = postSolution
		{6E3D52AC-6FE5-4025-9470-FD5572608E9D}.Debug|Any CPU.ActiveCfg = Debug|Any CPU
		{6E3D52AC-6FE5-4025-9470-FD5572608E9D}.Debug|Any CPU.Build.0 = Debug|Any CPU
		{6E3D52AC-6FE5-4025-9470-FD5572608E9D}.Release|Any CPU.ActiveCfg = Release|Any CPU
		{6E3D52AC-6FE5-4025-9470-FD5572608E9D}.Release|Any CPU.Build.0 = Release|Any CPU
		{8208C55A-C5EA-42AA-9D1C-1AFF9FF387B7}.Debug|Any CPU.ActiveCfg = Debug|Any CPU
		{8208C55A-C5EA-42AA-9D1C-1AFF9FF387B7}.Debug|Any CPU.Build.0 = Debug|Any CPU
		{8208C55A-C5EA-42AA-9D1C-1AFF9FF387B7}.Release|Any CPU.ActiveCfg = Release|Any CPU
		{8208C55A-C5EA-42AA-9D1C-1AFF9FF387B7}.Release|Any CPU.Build.0 = Release|Any CPU
		{A9303E6F-AADD-45BE-8B32-F3CB5847DE83}.Debug|Any CPU.ActiveCfg = Debug|Any CPU
		{A9303E6F-AADD-45BE-8B32-F3CB5847DE83}.Debug|Any CPU.Build.0 = Debug|Any CPU
		{A9303E6F-AADD-45BE-8B32-F3CB5847DE83}.Release|Any CPU.ActiveCfg = Release|Any CPU
		{A9303E6F-AADD-45BE-8B32-F3CB5847DE83}.Release|Any CPU.Build.0 = Release|Any CPU
	EndGlobalSection
	GlobalSection(SolutionProperties) = preSolution
		HideSolutionNode = FALSE
	EndGlobalSection
	GlobalSection(ExtensibilityGlobals) = postSolution
		SolutionGuid = {F5E32023-64DA-412C-92CE-BDF3CE328678}
	EndGlobalSection
EndGlobal
